// !$*UTF8*$!
{
	archiveVersion = 1;
	classes = {
	};
	objectVersion = 46;
	objects = {

/* Begin PBXBuildFile section */
		7AAC042D1B4D252E00DCBD6C /* AppDelegate.swift in Sources */ = {isa = PBXBuildFile; fileRef = 7AAC042C1B4D252E00DCBD6C /* AppDelegate.swift */; };
		7AAC042F1B4D252E00DCBD6C /* ViewController.swift in Sources */ = {isa = PBXBuildFile; fileRef = 7AAC042E1B4D252E00DCBD6C /* ViewController.swift */; };
		7AAC04321B4D252E00DCBD6C /* Main.storyboard in Resources */ = {isa = PBXBuildFile; fileRef = 7AAC04301B4D252E00DCBD6C /* Main.storyboard */; };
		7AAC04341B4D252F00DCBD6C /* Images.xcassets in Resources */ = {isa = PBXBuildFile; fileRef = 7AAC04331B4D252F00DCBD6C /* Images.xcassets */; };
		7AAC04371B4D252F00DCBD6C /* LaunchScreen.xib in Resources */ = {isa = PBXBuildFile; fileRef = 7AAC04351B4D252F00DCBD6C /* LaunchScreen.xib */; };
		7AAC04431B4D252F00DCBD6C /* mihonTests.swift in Sources */ = {isa = PBXBuildFile; fileRef = 7AAC04421B4D252F00DCBD6C /* mihonTests.swift */; };
/* End PBXBuildFile section */

/* Begin PBXContainerItemProxy section */
		7AAC043D1B4D252F00DCBD6C /* PBXContainerItemProxy */ = {
			isa = PBXContainerItemProxy;
			containerPortal = 7AAC041F1B4D252E00DCBD6C /* Project object */;
			proxyType = 1;
			remoteGlobalIDString = 7AAC04261B4D252E00DCBD6C;
			remoteInfo = mihon;
		};
/* End PBXContainerItemProxy section */

/* Begin PBXFileReference section */
		7AAC04271B4D252E00DCBD6C /* mihon.app */ = {isa = PBXFileReference; explicitFileType = wrapper.application; includeInIndex = 0; path = mihon.app; sourceTree = BUILT_PRODUCTS_DIR; };
		7AAC042B1B4D252E00DCBD6C /* Info.plist */ = {isa = PBXFileReference; lastKnownFileType = text.plist.xml; path = Info.plist; sourceTree = "<group>"; };
		7AAC042C1B4D252E00DCBD6C /* AppDelegate.swift */ = {isa = PBXFileReference; lastKnownFileType = sourcecode.swift; path = AppDelegate.swift; sourceTree = "<group>"; };
		7AAC042E1B4D252E00DCBD6C /* ViewController.swift */ = {isa = PBXFileReference; lastKnownFileType = sourcecode.swift; path = ViewController.swift; sourceTree = "<group>"; };
		7AAC04311B4D252E00DCBD6C /* Base */ = {isa = PBXFileReference; lastKnownFileType = file.storyboard; name = Base; path = Base.lproj/Main.storyboard; sourceTree = "<group>"; };
		7AAC04331B4D252F00DCBD6C /* Images.xcassets */ = {isa = PBXFileReference; lastKnownFileType = folder.assetcatalog; path = Images.xcassets; sourceTree = "<group>"; };
		7AAC04361B4D252F00DCBD6C /* Base */ = {isa = PBXFileReference; lastKnownFileType = file.xib; name = Base; path = Base.lproj/LaunchScreen.xib; sourceTree = "<group>"; };
		7AAC043C1B4D252F00DCBD6C /* mihonTests.xctest */ = {isa = PBXFileReference; explicitFileType = wrapper.cfbundle; includeInIndex = 0; path = mihonTests.xctest; sourceTree = BUILT_PRODUCTS_DIR; };
		7AAC04411B4D252F00DCBD6C /* Info.plist */ = {isa = PBXFileReference; lastKnownFileType = text.plist.xml; path = Info.plist; sourceTree = "<group>"; };
		7AAC04421B4D252F00DCBD6C /* mihonTests.swift */ = {isa = PBXFileReference; lastKnownFileType = sourcecode.swift; path = mihonTests.swift; sourceTree = "<group>"; };
/* End PBXFileReference section */

/* Begin PBXFrameworksBuildPhase section */
		7AAC04241B4D252E00DCBD6C /* Frameworks */ = {
			isa = PBXFrameworksBuildPhase;
			buildActionMask = 2147483647;
			files = (
			);
			runOnlyForDeploymentPostprocessing = 0;
		};
		7AAC04391B4D252F00DCBD6C /* Frameworks */ = {
			isa = PBXFrameworksBuildPhase;
			buildActionMask = 2147483647;
			files = (
			);
			runOnlyForDeploymentPostprocessing = 0;
		};
/* End PBXFrameworksBuildPhase section */

/* Begin PBXGroup section */
		7AAC041E1B4D252E00DCBD6C = {
			isa = PBXGroup;
			children = (
				7AAC04291B4D252E00DCBD6C /* mihon */,
				7AAC043F1B4D252F00DCBD6C /* mihonTests */,
				7AAC04281B4D252E00DCBD6C /* Products */,
			);
			sourceTree = "<group>";
		};
		7AAC04281B4D252E00DCBD6C /* Products */ = {
			isa = PBXGroup;
			children = (
				7AAC04271B4D252E00DCBD6C /* mihon.app */,
				7AAC043C1B4D252F00DCBD6C /* mihonTests.xctest */,
			);
			name = Products;
			sourceTree = "<group>";
		};
		7AAC04291B4D252E00DCBD6C /* mihon */ = {
			isa = PBXGroup;
			children = (
				7AAC042C1B4D252E00DCBD6C /* AppDelegate.swift */,
				7AAC042E1B4D252E00DCBD6C /* ViewController.swift */,
				7AAC04301B4D252E00DCBD6C /* Main.storyboard */,
				7AAC04331B4D252F00DCBD6C /* Images.xcassets */,
				7AAC04351B4D252F00DCBD6C /* LaunchScreen.xib */,
				7AAC042A1B4D252E00DCBD6C /* Supporting Files */,
			);
			path = mihon;
			sourceTree = "<group>";
		};
		7AAC042A1B4D252E00DCBD6C /* Supporting Files */ = {
			isa = PBXGroup;
			children = (
				7AAC042B1B4D252E00DCBD6C /* Info.plist */,
			);
			name = "Supporting Files";
			sourceTree = "<group>";
		};
		7AAC043F1B4D252F00DCBD6C /* mihonTests */ = {
			isa = PBXGroup;
			children = (
				7AAC04421B4D252F00DCBD6C /* mihonTests.swift */,
				7AAC04401B4D252F00DCBD6C /* Supporting Files */,
			);
			path = mihonTests;
			sourceTree = "<group>";
		};
		7AAC04401B4D252F00DCBD6C /* Supporting Files */ = {
			isa = PBXGroup;
			children = (
				7AAC04411B4D252F00DCBD6C /* Info.plist */,
			);
			name = "Supporting Files";
			sourceTree = "<group>";
		};
/* End PBXGroup section */

/* Begin PBXNativeTarget section */
		7AAC04261B4D252E00DCBD6C /* mihon */ = {
			isa = PBXNativeTarget;
			buildConfigurationList = 7AAC04461B4D252F00DCBD6C /* Build configuration list for PBXNativeTarget "mihon" */;
			buildPhases = (
				7AAC04231B4D252E00DCBD6C /* Sources */,
				7AAC04241B4D252E00DCBD6C /* Frameworks */,
				7AAC04251B4D252E00DCBD6C /* Resources */,
			);
			buildRules = (
			);
			dependencies = (
			);
			name = mihon;
			productName = mihon;
			productReference = 7AAC04271B4D252E00DCBD6C /* mihon.app */;
			productType = "com.apple.product-type.application";
		};
		7AAC043B1B4D252F00DCBD6C /* mihonTests */ = {
			isa = PBXNativeTarget;
			buildConfigurationList = 7AAC04491B4D252F00DCBD6C /* Build configuration list for PBXNativeTarget "mihonTests" */;
			buildPhases = (
				7AAC04381B4D252F00DCBD6C /* Sources */,
				7AAC04391B4D252F00DCBD6C /* Frameworks */,
				7AAC043A1B4D252F00DCBD6C /* Resources */,
			);
			buildRules = (
			);
			dependencies = (
				7AAC043E1B4D252F00DCBD6C /* PBXTargetDependency */,
			);
			name = mihonTests;
			productName = mihonTests;
			productReference = 7AAC043C1B4D252F00DCBD6C /* mihonTests.xctest */;
			productType = "com.apple.product-type.bundle.unit-test";
		};
/* End PBXNativeTarget section */

/* Begin PBXProject section */
		7AAC041F1B4D252E00DCBD6C /* Project object */ = {
			isa = PBXProject;
			attributes = {
				LastUpgradeCheck = 0630;
				ORGANIZATIONNAME = fsail;
				TargetAttributes = {
					7AAC04261B4D252E00DCBD6C = {
						CreatedOnToolsVersion = 6.3.2;
					};
					7AAC043B1B4D252F00DCBD6C = {
						CreatedOnToolsVersion = 6.3.2;
						TestTargetID = 7AAC04261B4D252E00DCBD6C;
					};
				};
			};
			buildConfigurationList = 7AAC04221B4D252E00DCBD6C /* Build configuration list for PBXProject "mihon" */;
			compatibilityVersion = "Xcode 3.2";
			developmentRegion = English;
			hasScannedForEncodings = 0;
			knownRegions = (
				en,
				Base,
			);
			mainGroup = 7AAC041E1B4D252E00DCBD6C;
			productRefGroup = 7AAC04281B4D252E00DCBD6C /* Products */;
			projectDirPath = "";
			projectRoot = "";
			targets = (
				7AAC04261B4D252E00DCBD6C /* mihon */,
				7AAC043B1B4D252F00DCBD6C /* mihonTests */,
			);
		};
/* End PBXProject section */

/* Begin PBXResourcesBuildPhase section */
		7AAC04251B4D252E00DCBD6C /* Resources */ = {
			isa = PBXResourcesBuildPhase;
			buildActionMask = 2147483647;
			files = (
				7AAC04321B4D252E00DCBD6C /* Main.storyboard in Resources */,
				7AAC04371B4D252F00DCBD6C /* LaunchScreen.xib in Resources */,
				7AAC04341B4D252F00DCBD6C /* Images.xcassets in Resources */,
			);
			runOnlyForDeploymentPostprocessing = 0;
		};
		7AAC043A1B4D252F00DCBD6C /* Resources */ = {
			isa = PBXResourcesBuildPhase;
			buildActionMask = 2147483647;
			files = (
			);
			runOnlyForDeploymentPostprocessing = 0;
		};
/* End PBXResourcesBuildPhase section */

/* Begin PBXSourcesBuildPhase section */
		7AAC04231B4D252E00DCBD6C /* Sources */ = {
			isa = PBXSourcesBuildPhase;
			buildActionMask = 2147483647;
			files = (
				7AAC042F1B4D252E00DCBD6C /* ViewController.swift in Sources */,
				7AAC042D1B4D252E00DCBD6C /* AppDelegate.swift in Sources */,
			);
			runOnlyForDeploymentPostprocessing = 0;
		};
		7AAC04381B4D252F00DCBD6C /* Sources */ = {
			isa = PBXSourcesBuildPhase;
			buildActionMask = 2147483647;
			files = (
				7AAC04431B4D252F00DCBD6C /* mihonTests.swift in Sources */,
			);
			runOnlyForDeploymentPostprocessing = 0;
		};
/* End PBXSourcesBuildPhase section */

/* Begin PBXTargetDependency section */
		7AAC043E1B4D252F00DCBD6C /* PBXTargetDependency */ = {
			isa = PBXTargetDependency;
			target = 7AAC04261B4D252E00DCBD6C /* mihon */;
			targetProxy = 7AAC043D1B4D252F00DCBD6C /* PBXContainerItemProxy */;
		};
/* End PBXTargetDependency section */

/* Begin PBXVariantGroup section */
		7AAC04301B4D252E00DCBD6C /* Main.storyboard */ = {
			isa = PBXVariantGroup;
			children = (
				7AAC04311B4D252E00DCBD6C /* Base */,
			);
			name = Main.storyboard;
			sourceTree = "<group>";
		};
		7AAC04351B4D252F00DCBD6C /* LaunchScreen.xib */ = {
			isa = PBXVariantGroup;
			children = (
				7AAC04361B4D252F00DCBD6C /* Base */,
			);
			name = LaunchScreen.xib;
			sourceTree = "<group>";
		};
/* End PBXVariantGroup section */

/* Begin XCBuildConfiguration section */
		7AAC04441B4D252F00DCBD6C /* Debug */ = {
			isa = XCBuildConfiguration;
			buildSettings = {
				ALWAYS_SEARCH_USER_PATHS = NO;
				CLANG_CXX_LANGUAGE_STANDARD = "gnu++0x";
				CLANG_CXX_LIBRARY = "libc++";
				CLANG_ENABLE_MODULES = YES;
				CLANG_ENABLE_OBJC_ARC = YES;
				CLANG_WARN_BOOL_CONVERSION = YES;
				CLANG_WARN_CONSTANT_CONVERSION = YES;
				CLANG_WARN_DIRECT_OBJC_ISA_USAGE = YES_ERROR;
				CLANG_WARN_EMPTY_BODY = YES;
				CLANG_WARN_ENUM_CONVERSION = YES;
				CLANG_WARN_INT_CONVERSION = YES;
				CLANG_WARN_OBJC_ROOT_CLASS = YES_ERROR;
				CLANG_WARN_UNREACHABLE_CODE = YES;
				CLANG_WARN__DUPLICATE_METHOD_MATCH = YES;
				"CODE_SIGN_IDENTITY[sdk=iphoneos*]" = "iPhone Developer";
				COPY_PHASE_STRIP = NO;
				DEBUG_INFORMATION_FORMAT = "dwarf-with-dsym";
				ENABLE_STRICT_OBJC_MSGSEND = YES;
				GCC_C_LANGUAGE_STANDARD = gnu99;
				GCC_DYNAMIC_NO_PIC = NO;
				GCC_NO_COMMON_BLOCKS = YES;
				GCC_OPTIMIZATION_LEVEL = 0;
				GCC_PREPROCESSOR_DEFINITIONS = (
					"DEBUG=1",
					"$(inherited)",
				);
				GCC_SYMBOLS_PRIVATE_EXTERN = NO;
				GCC_WARN_64_TO_32_BIT_CONVERSION = YES;
				GCC_WARN_ABOUT_RETURN_TYPE = YES_ERROR;
				GCC_WARN_UNDECLARED_SELECTOR = YES;
				GCC_WARN_UNINITIALIZED_AUTOS = YES_AGGRESSIVE;
				GCC_WARN_UNUSED_FUNCTION = YES;
				GCC_WARN_UNUSED_VARIABLE = YES;
				IPHONEOS_DEPLOYMENT_TARGET = 8.3;
				MTL_ENABLE_DEBUG_INFO = YES;
				ONLY_ACTIVE_ARCH = YES;
				SDKROOT = iphoneos;
				SWIFT_OPTIMIZATION_LEVEL = "-Onone";
			};
			name = Debug;
		};
		7AAC04451B4D252F00DCBD6C /* Release */ = {
			isa = XCBuildConfiguration;
			buildSettings = {
				ALWAYS_SEARCH_USER_PATHS = NO;
				CLANG_CXX_LANGUAGE_STANDARD = "gnu++0x";
				CLANG_CXX_LIBRARY = "libc++";
				CLANG_ENABLE_MODULES = YES;
				CLANG_ENABLE_OBJC_ARC = YES;
				CLANG_WARN_BOOL_CONVERSION = YES;
				CLANG_WARN_CONSTANT_CONVERSION = YES;
				CLANG_WARN_DIRECT_OBJC_ISA_USAGE = YES_ERROR;
				CLANG_WARN_EMPTY_BODY = YES;
				CLANG_WARN_ENUM_CONVERSION = YES;
				CLANG_WARN_INT_CONVERSION = YES;
				CLANG_WARN_OBJC_ROOT_CLASS = YES_ERROR;
				CLANG_WARN_UNREACHABLE_CODE = YES;
				CLANG_WARN__DUPLICATE_METHOD_MATCH = YES;
				"CODE_SIGN_IDENTITY[sdk=iphoneos*]" = "iPhone Developer";
				COPY_PHASE_STRIP = NO;
				DEBUG_INFORMATION_FORMAT = "dwarf-with-dsym";
				ENABLE_NS_ASSERTIONS = NO;
				ENABLE_STRICT_OBJC_MSGSEND = YES;
				GCC_C_LANGUAGE_STANDARD = gnu99;
				GCC_NO_COMMON_BLOCKS = YES;
				GCC_WARN_64_TO_32_BIT_CONVERSION = YES;
				GCC_WARN_ABOUT_RETURN_TYPE = YES_ERROR;
				GCC_WARN_UNDECLARED_SELECTOR = YES;
				GCC_WARN_UNINITIALIZED_AUTOS = YES_AGGRESSIVE;
				GCC_WARN_UNUSED_FUNCTION = YES;
				GCC_WARN_UNUSED_VARIABLE = YES;
				IPHONEOS_DEPLOYMENT_TARGET = 8.3;
				MTL_ENABLE_DEBUG_INFO = NO;
				SDKROOT = iphoneos;
				VALIDATE_PRODUCT = YES;
			};
			name = Release;
		};
		7AAC04471B4D252F00DCBD6C /* Debug */ = {
			isa = XCBuildConfiguration;
			buildSettings = {
				ASSETCATALOG_COMPILER_APPICON_NAME = AppIcon;
				INFOPLIST_FILE = mihon/Info.plist;
				LD_RUNPATH_SEARCH_PATHS = "$(inherited) @executable_path/Frameworks";
				PRODUCT_NAME = "$(TARGET_NAME)";
			};
			name = Debug;
		};
		7AAC04481B4D252F00DCBD6C /* Release */ = {
			isa = XCBuildConfiguration;
			buildSettings = {
				ASSETCATALOG_COMPILER_APPICON_NAME = AppIcon;
				INFOPLIST_FILE = mihon/Info.plist;
				LD_RUNPATH_SEARCH_PATHS = "$(inherited) @executable_path/Frameworks";
				PRODUCT_NAME = "$(TARGET_NAME)";
			};
			name = Release;
		};
		7AAC044A1B4D252F00DCBD6C /* Debug */ = {
			isa = XCBuildConfiguration;
			buildSettings = {
				BUNDLE_LOADER = "$(TEST_HOST)";
				FRAMEWORK_SEARCH_PATHS = (
					"$(SDKROOT)/Developer/Library/Frameworks",
					"$(inherited)",
				);
				GCC_PREPROCESSOR_DEFINITIONS = (
					"DEBUG=1",
					"$(inherited)",
				);
				INFOPLIST_FILE = mihonTests/Info.plist;
				LD_RUNPATH_SEARCH_PATHS = "$(inherited) @executable_path/Frameworks @loader_path/Frameworks";
				PRODUCT_NAME = "$(TARGET_NAME)";
				TEST_HOST = "$(BUILT_PRODUCTS_DIR)/mihon.app/mihon";
			};
			name = Debug;
		};
		7AAC044B1B4D252F00DCBD6C /* Release */ = {
			isa = XCBuildConfiguration;
			buildSettings = {
				BUNDLE_LOADER = "$(TEST_HOST)";
				FRAMEWORK_SEARCH_PATHS = (
					"$(SDKROOT)/Developer/Library/Frameworks",
					"$(inherited)",
				);
				INFOPLIST_FILE = mihonTests/Info.plist;
				LD_RUNPATH_SEARCH_PATHS = "$(inherited) @executable_path/Frameworks @loader_path/Frameworks";
				PRODUCT_NAME = "$(TARGET_NAME)";
				TEST_HOST = "$(BUILT_PRODUCTS_DIR)/mihon.app/mihon";
			};
			name = Release;
		};
/* End XCBuildConfiguration section */

/* Begin XCConfigurationList section */
		7AAC04221B4D252E00DCBD6C /* Build configuration list for PBXProject "mihon" */ = {
			isa = XCConfigurationList;
			buildConfigurations = (
				7AAC04441B4D252F00DCBD6C /* Debug */,
				7AAC04451B4D252F00DCBD6C /* Release */,
			);
			defaultConfigurationIsVisible = 0;
			defaultConfigurationName = Release;
		};
		7AAC04461B4D252F00DCBD6C /* Build configuration list for PBXNativeTarget "mihon" */ = {
			isa = XCConfigurationList;
			buildConfigurations = (
				7AAC04471B4D252F00DCBD6C /* Debug */,
				7AAC04481B4D252F00DCBD6C /* Release */,
			);
			defaultConfigurationIsVisible = 0;
		};
		7AAC04491B4D252F00DCBD6C /* Build configuration list for PBXNativeTarget "mihonTests" */ = {
			isa = XCConfigurationList;
			buildConfigurations = (
				7AAC044A1B4D252F00DCBD6C /* Debug */,
				7AAC044B1B4D252F00DCBD6C /* Release */,
			);
			defaultConfigurationIsVisible = 0;
		};
/* End XCConfigurationList section */
	};
	rootObject = 7AAC041F1B4D252E00DCBD6C /* Project object */;
}
